# This file was autogenerated by uv via the following command:
#    uv pip compile pyproject.toml -o uv.lock
annotated-types==0.7.0
    # via pydantic
anyio==4.9.0
    # via
    #   httpx
    #   mcp
    #   sse-starlette
    #   starlette
beautifulsoup4==4.13.3
    # via quip-mcp-server (pyproject.toml)
certifi==2025.1.31
    # via
    #   httpcore
    #   httpx
    #   requests
charset-normalizer==3.4.1
    # via requests
click==8.1.8
    # via uvicorn
et-xmlfile==2.0.0
    # via openpyxl
h11==0.14.0
    # via
    #   httpcore
    #   uvicorn
httpcore==1.0.7
    # via httpx
httpx==0.28.1
    # via mcp
httpx-sse==0.4.0
    # via mcp
idna==3.10
    # via
    #   anyio
    #   httpx
    #   requests
mcp==1.6.0
    # via mcp-python
mcp-python==0.1.4
    # via quip-mcp-server (pyproject.toml)
openpyxl==3.1.5
    # via quip-mcp-server (pyproject.toml)
pydantic==2.11.2
    # via
    #   mcp
    #   pydantic-settings
pydantic-core==2.33.1
    # via pydantic
pydantic-settings==2.8.1
    # via mcp
python-dotenv==1.1.0
    # via
    #   quip-mcp-server (pyproject.toml)
    #   pydantic-settings
requests==2.32.3
    # via quip-mcp-server (pyproject.toml)
sniffio==1.3.1
    # via anyio
soupsieve==2.6
    # via beautifulsoup4
sse-starlette==2.2.1
    # via mcp
starlette==0.46.1
    # via
    #   mcp
    #   sse-starlette
typing-extensions==4.13.1
    # via
    #   beautifulsoup4
    #   pydantic
    #   pydantic-core
    #   typing-inspection
typing-inspection==0.4.0
    # via pydantic
urllib3==2.3.0
    # via requests
uvicorn==0.34.0
    # via mcp
